// !$*UTF8*$!
{
	archiveVersion = 1;
	classes = {
	};
	objectVersion = 56;
	objects = {

/* Begin PBXBuildFile section */
		F18A1F14295732E200461933 /* ios_trainingApp.swift in Sources */ = {isa = PBXBuildFile; fileRef = F18A1F13295732E200461933 /* ios_trainingApp.swift */; };
		F18A1F16295732E200461933 /* ContentView.swift in Sources */ = {isa = PBXBuildFile; fileRef = F18A1F15295732E200461933 /* ContentView.swift */; };
		F18A1F18295732E300461933 /* Assets.xcassets in Resources */ = {isa = PBXBuildFile; fileRef = F18A1F17295732E300461933 /* Assets.xcassets */; };
		F18A1F1C295732E300461933 /* Preview Assets.xcassets in Resources */ = {isa = PBXBuildFile; fileRef = F18A1F1B295732E300461933 /* Preview Assets.xcassets */; };
		F18A1F26295732E300461933 /* ios_trainingTests.swift in Sources */ = {isa = PBXBuildFile; fileRef = F18A1F25295732E300461933 /* ios_trainingTests.swift */; };
		F18A1F30295732E300461933 /* ios_trainingUITests.swift in Sources */ = {isa = PBXBuildFile; fileRef = F18A1F2F295732E300461933 /* ios_trainingUITests.swift */; };
		F18A1F32295732E300461933 /* ios_trainingUITestsLaunchTests.swift in Sources */ = {isa = PBXBuildFile; fileRef = F18A1F31295732E300461933 /* ios_trainingUITestsLaunchTests.swift */; };
		F18A1F402957341B00461933 /* YumemiWeather in Frameworks */ = {isa = PBXBuildFile; productRef = F18A1F3F2957341B00461933 /* YumemiWeather */; };
/* End PBXBuildFile section */

/* Begin PBXContainerItemProxy section */
		F18A1F22295732E300461933 /* PBXContainerItemProxy */ = {
			isa = PBXContainerItemProxy;
			containerPortal = F18A1F08295732E200461933 /* Project object */;
			proxyType = 1;
			remoteGlobalIDString = F18A1F0F295732E200461933;
			remoteInfo = "ios-training";
		};
		F18A1F2C295732E300461933 /* PBXContainerItemProxy */ = {
			isa = PBXContainerItemProxy;
			containerPortal = F18A1F08295732E200461933 /* Project object */;
			proxyType = 1;
			remoteGlobalIDString = F18A1F0F295732E200461933;
			remoteInfo = "ios-training";
		};
/* End PBXContainerItemProxy section */

/* Begin PBXFileReference section */
		F18A1F10295732E200461933 /* ios-training.app */ = {isa = PBXFileReference; explicitFileType = wrapper.application; includeInIndex = 0; path = "ios-training.app"; sourceTree = BUILT_PRODUCTS_DIR; };
		F18A1F13295732E200461933 /* ios_trainingApp.swift */ = {isa = PBXFileReference; lastKnownFileType = sourcecode.swift; path = ios_trainingApp.swift; sourceTree = "<group>"; };
		F18A1F15295732E200461933 /* ContentView.swift */ = {isa = PBXFileReference; lastKnownFileType = sourcecode.swift; path = ContentView.swift; sourceTree = "<group>"; };
		F18A1F17295732E300461933 /* Assets.xcassets */ = {isa = PBXFileReference; lastKnownFileType = folder.assetcatalog; path = Assets.xcassets; sourceTree = "<group>"; };
		F18A1F19295732E300461933 /* ios_training.entitlements */ = {isa = PBXFileReference; lastKnownFileType = text.plist.entitlements; path = ios_training.entitlements; sourceTree = "<group>"; };
		F18A1F1B295732E300461933 /* Preview Assets.xcassets */ = {isa = PBXFileReference; lastKnownFileType = folder.assetcatalog; path = "Preview Assets.xcassets"; sourceTree = "<group>"; };
		F18A1F21295732E300461933 /* ios-trainingTests.xctest */ = {isa = PBXFileReference; explicitFileType = wrapper.cfbundle; includeInIndex = 0; path = "ios-trainingTests.xctest"; sourceTree = BUILT_PRODUCTS_DIR; };
		F18A1F25295732E300461933 /* ios_trainingTests.swift */ = {isa = PBXFileReference; lastKnownFileType = sourcecode.swift; path = ios_trainingTests.swift; sourceTree = "<group>"; };
		F18A1F2B295732E300461933 /* ios-trainingUITests.xctest */ = {isa = PBXFileReference; explicitFileType = wrapper.cfbundle; includeInIndex = 0; path = "ios-trainingUITests.xctest"; sourceTree = BUILT_PRODUCTS_DIR; };
		F18A1F2F295732E300461933 /* ios_trainingUITests.swift */ = {isa = PBXFileReference; lastKnownFileType = sourcecode.swift; path = ios_trainingUITests.swift; sourceTree = "<group>"; };
		F18A1F31295732E300461933 /* ios_trainingUITestsLaunchTests.swift */ = {isa = PBXFileReference; lastKnownFileType = sourcecode.swift; path = ios_trainingUITestsLaunchTests.swift; sourceTree = "<group>"; };
/* End PBXFileReference section */

/* Begin PBXFrameworksBuildPhase section */
		F18A1F0D295732E200461933 /* Frameworks */ = {
			isa = PBXFrameworksBuildPhase;
			buildActionMask = 2147483647;
			files = (
				F18A1F402957341B00461933 /* YumemiWeather in Frameworks */,
			);
			runOnlyForDeploymentPostprocessing = 0;
		};
		F18A1F1E295732E300461933 /* Frameworks */ = {
			isa = PBXFrameworksBuildPhase;
			buildActionMask = 2147483647;
			files = (
			);
			runOnlyForDeploymentPostprocessing = 0;
		};
		F18A1F28295732E300461933 /* Frameworks */ = {
			isa = PBXFrameworksBuildPhase;
			buildActionMask = 2147483647;
			files = (
			);
			runOnlyForDeploymentPostprocessing = 0;
		};
/* End PBXFrameworksBuildPhase section */

/* Begin PBXGroup section */
		F18A1F07295732E200461933 = {
			isa = PBXGroup;
			children = (
				F18A1F12295732E200461933 /* ios-training */,
				F18A1F24295732E300461933 /* ios-trainingTests */,
				F18A1F2E295732E300461933 /* ios-trainingUITests */,
				F18A1F11295732E200461933 /* Products */,
			);
			sourceTree = "<group>";
		};
		F18A1F11295732E200461933 /* Products */ = {
			isa = PBXGroup;
			children = (
				F18A1F10295732E200461933 /* ios-training.app */,
				F18A1F21295732E300461933 /* ios-trainingTests.xctest */,
				F18A1F2B295732E300461933 /* ios-trainingUITests.xctest */,
			);
			name = Products;
			sourceTree = "<group>";
		};
		F18A1F12295732E200461933 /* ios-training */ = {
			isa = PBXGroup;
			children = (
				F18A1F13295732E200461933 /* ios_trainingApp.swift */,
				F18A1F15295732E200461933 /* ContentView.swift */,
				F18A1F17295732E300461933 /* Assets.xcassets */,
				F18A1F19295732E300461933 /* ios_training.entitlements */,
				F18A1F1A295732E300461933 /* Preview Content */,
			);
			path = "ios-training";
			sourceTree = "<group>";
		};
		F18A1F1A295732E300461933 /* Preview Content */ = {
			isa = PBXGroup;
			children = (
				F18A1F1B295732E300461933 /* Preview Assets.xcassets */,
			);
			path = "Preview Content";
			sourceTree = "<group>";
		};
		F18A1F24295732E300461933 /* ios-trainingTests */ = {
			isa = PBXGroup;
			children = (
				F18A1F25295732E300461933 /* ios_trainingTests.swift */,
			);
			path = "ios-trainingTests";
			sourceTree = "<group>";
		};
		F18A1F2E295732E300461933 /* ios-trainingUITests */ = {
			isa = PBXGroup;
			children = (
				F18A1F2F295732E300461933 /* ios_trainingUITests.swift */,
				F18A1F31295732E300461933 /* ios_trainingUITestsLaunchTests.swift */,
			);
			path = "ios-trainingUITests";
			sourceTree = "<group>";
		};
/* End PBXGroup section */

/* Begin PBXNativeTarget section */
		F18A1F0F295732E200461933 /* ios-training */ = {
			isa = PBXNativeTarget;
			buildConfigurationList = F18A1F35295732E300461933 /* Build configuration list for PBXNativeTarget "ios-training" */;
			buildPhases = (
				F18A1F0C295732E200461933 /* Sources */,
				F18A1F0D295732E200461933 /* Frameworks */,
				F18A1F0E295732E200461933 /* Resources */,
			);
			buildRules = (
			);
			dependencies = (
			);
			name = "ios-training";
			packageProductDependencies = (
				F18A1F3F2957341B00461933 /* YumemiWeather */,
			);
			productName = "ios-training";
			productReference = F18A1F10295732E200461933 /* ios-training.app */;
			productType = "com.apple.product-type.application";
		};
		F18A1F20295732E300461933 /* ios-trainingTests */ = {
			isa = PBXNativeTarget;
			buildConfigurationList = F18A1F38295732E300461933 /* Build configuration list for PBXNativeTarget "ios-trainingTests" */;
			buildPhases = (
				F18A1F1D295732E300461933 /* Sources */,
				F18A1F1E295732E300461933 /* Frameworks */,
				F18A1F1F295732E300461933 /* Resources */,
			);
			buildRules = (
			);
			dependencies = (
				F18A1F23295732E300461933 /* PBXTargetDependency */,
			);
			name = "ios-trainingTests";
			productName = "ios-trainingTests";
			productReference = F18A1F21295732E300461933 /* ios-trainingTests.xctest */;
			productType = "com.apple.product-type.bundle.unit-test";
		};
		F18A1F2A295732E300461933 /* ios-trainingUITests */ = {
			isa = PBXNativeTarget;
			buildConfigurationList = F18A1F3B295732E300461933 /* Build configuration list for PBXNativeTarget "ios-trainingUITests" */;
			buildPhases = (
				F18A1F27295732E300461933 /* Sources */,
				F18A1F28295732E300461933 /* Frameworks */,
				F18A1F29295732E300461933 /* Resources */,
			);
			buildRules = (
			);
			dependencies = (
				F18A1F2D295732E300461933 /* PBXTargetDependency */,
			);
			name = "ios-trainingUITests";
			productName = "ios-trainingUITests";
			productReference = F18A1F2B295732E300461933 /* ios-trainingUITests.xctest */;
			productType = "com.apple.product-type.bundle.ui-testing";
		};
/* End PBXNativeTarget section */

/* Begin PBXProject section */
		F18A1F08295732E200461933 /* Project object */ = {
			isa = PBXProject;
			attributes = {
				BuildIndependentTargetsInParallel = 1;
				LastSwiftUpdateCheck = 1420;
				LastUpgradeCheck = 1420;
				TargetAttributes = {
					F18A1F0F295732E200461933 = {
						CreatedOnToolsVersion = 14.2;
					};
					F18A1F20295732E300461933 = {
						CreatedOnToolsVersion = 14.2;
						TestTargetID = F18A1F0F295732E200461933;
					};
					F18A1F2A295732E300461933 = {
						CreatedOnToolsVersion = 14.2;
						TestTargetID = F18A1F0F295732E200461933;
					};
				};
			};
			buildConfigurationList = F18A1F0B295732E200461933 /* Build configuration list for PBXProject "ios-training" */;
			compatibilityVersion = "Xcode 14.0";
			developmentRegion = en;
			hasScannedForEncodings = 0;
			knownRegions = (
				en,
				Base,
			);
			mainGroup = F18A1F07295732E200461933;
			packageReferences = (
				F18A1F3E2957341B00461933 /* XCRemoteSwiftPackageReference "ios-training" */,
			);
			productRefGroup = F18A1F11295732E200461933 /* Products */;
			projectDirPath = "";
			projectRoot = "";
			targets = (
				F18A1F0F295732E200461933 /* ios-training */,
				F18A1F20295732E300461933 /* ios-trainingTests */,
				F18A1F2A295732E300461933 /* ios-trainingUITests */,
			);
		};
/* End PBXProject section */

/* Begin PBXResourcesBuildPhase section */
		F18A1F0E295732E200461933 /* Resources */ = {
			isa = PBXResourcesBuildPhase;
			buildActionMask = 2147483647;
			files = (
				F18A1F1C295732E300461933 /* Preview Assets.xcassets in Resources */,
				F18A1F18295732E300461933 /* Assets.xcassets in Resources */,
			);
			runOnlyForDeploymentPostprocessing = 0;
		};
		F18A1F1F295732E300461933 /* Resources */ = {
			isa = PBXResourcesBuildPhase;
			buildActionMask = 2147483647;
			files = (
			);
			runOnlyForDeploymentPostprocessing = 0;
		};
		F18A1F29295732E300461933 /* Resources */ = {
			isa = PBXResourcesBuildPhase;
			buildActionMask = 2147483647;
			files = (
			);
			runOnlyForDeploymentPostprocessing = 0;
		};
/* End PBXResourcesBuildPhase section */

/* Begin PBXSourcesBuildPhase section */
		F18A1F0C295732E200461933 /* Sources */ = {
			isa = PBXSourcesBuildPhase;
			buildActionMask = 2147483647;
			files = (
				F18A1F16295732E200461933 /* ContentView.swift in Sources */,
				F18A1F14295732E200461933 /* ios_trainingApp.swift in Sources */,
			);
			runOnlyForDeploymentPostprocessing = 0;
		};
		F18A1F1D295732E300461933 /* Sources */ = {
			isa = PBXSourcesBuildPhase;
			buildActionMask = 2147483647;
			files = (
				F18A1F26295732E300461933 /* ios_trainingTests.swift in Sources */,
			);
			runOnlyForDeploymentPostprocessing = 0;
		};
		F18A1F27295732E300461933 /* Sources */ = {
			isa = PBXSourcesBuildPhase;
			buildActionMask = 2147483647;
			files = (
				F18A1F32295732E300461933 /* ios_trainingUITestsLaunchTests.swift in Sources */,
				F18A1F30295732E300461933 /* ios_trainingUITests.swift in Sources */,
			);
			runOnlyForDeploymentPostprocessing = 0;
		};
/* End PBXSourcesBuildPhase section */

/* Begin PBXTargetDependency section */
		F18A1F23295732E300461933 /* PBXTargetDependency */ = {
			isa = PBXTargetDependency;
			target = F18A1F0F295732E200461933 /* ios-training */;
			targetProxy = F18A1F22295732E300461933 /* PBXContainerItemProxy */;
		};
		F18A1F2D295732E300461933 /* PBXTargetDependency */ = {
			isa = PBXTargetDependency;
			target = F18A1F0F295732E200461933 /* ios-training */;
			targetProxy = F18A1F2C295732E300461933 /* PBXContainerItemProxy */;
		};
/* End PBXTargetDependency section */

/* Begin XCBuildConfiguration section */
		F18A1F33295732E300461933 /* Debug */ = {
			isa = XCBuildConfiguration;
			buildSettings = {
				ALWAYS_SEARCH_USER_PATHS = NO;
				CLANG_ANALYZER_NONNULL = YES;
				CLANG_ANALYZER_NUMBER_OBJECT_CONVERSION = YES_AGGRESSIVE;
				CLANG_CXX_LANGUAGE_STANDARD = "gnu++20";
				CLANG_ENABLE_MODULES = YES;
				CLANG_ENABLE_OBJC_ARC = YES;
				CLANG_ENABLE_OBJC_WEAK = YES;
				CLANG_WARN_BLOCK_CAPTURE_AUTORELEASING = YES;
				CLANG_WARN_BOOL_CONVERSION = YES;
				CLANG_WARN_COMMA = YES;
				CLANG_WARN_CONSTANT_CONVERSION = YES;
				CLANG_WARN_DEPRECATED_OBJC_IMPLEMENTATIONS = YES;
				CLANG_WARN_DIRECT_OBJC_ISA_USAGE = YES_ERROR;
				CLANG_WARN_DOCUMENTATION_COMMENTS = YES;
				CLANG_WARN_EMPTY_BODY = YES;
				CLANG_WARN_ENUM_CONVERSION = YES;
				CLANG_WARN_INFINITE_RECURSION = YES;
				CLANG_WARN_INT_CONVERSION = YES;
				CLANG_WARN_NON_LITERAL_NULL_CONVERSION = YES;
				CLANG_WARN_OBJC_IMPLICIT_RETAIN_SELF = YES;
				CLANG_WARN_OBJC_LITERAL_CONVERSION = YES;
				CLANG_WARN_OBJC_ROOT_CLASS = YES_ERROR;
				CLANG_WARN_QUOTED_INCLUDE_IN_FRAMEWORK_HEADER = YES;
				CLANG_WARN_RANGE_LOOP_ANALYSIS = YES;
				CLANG_WARN_STRICT_PROTOTYPES = YES;
				CLANG_WARN_SUSPICIOUS_MOVE = YES;
				CLANG_WARN_UNGUARDED_AVAILABILITY = YES_AGGRESSIVE;
				CLANG_WARN_UNREACHABLE_CODE = YES;
				CLANG_WARN__DUPLICATE_METHOD_MATCH = YES;
				COPY_PHASE_STRIP = NO;
				DEBUG_INFORMATION_FORMAT = dwarf;
				ENABLE_STRICT_OBJC_MSGSEND = YES;
				ENABLE_TESTABILITY = YES;
				GCC_C_LANGUAGE_STANDARD = gnu11;
				GCC_DYNAMIC_NO_PIC = NO;
				GCC_NO_COMMON_BLOCKS = YES;
				GCC_OPTIMIZATION_LEVEL = 0;
				GCC_PREPROCESSOR_DEFINITIONS = (
					"DEBUG=1",
					"$(inherited)",
				);
				GCC_WARN_64_TO_32_BIT_CONVERSION = YES;
				GCC_WARN_ABOUT_RETURN_TYPE = YES_ERROR;
				GCC_WARN_UNDECLARED_SELECTOR = YES;
				GCC_WARN_UNINITIALIZED_AUTOS = YES_AGGRESSIVE;
				GCC_WARN_UNUSED_FUNCTION = YES;
				GCC_WARN_UNUSED_VARIABLE = YES;
				MTL_ENABLE_DEBUG_INFO = INCLUDE_SOURCE;
				MTL_FAST_MATH = YES;
				ONLY_ACTIVE_ARCH = YES;
				SWIFT_ACTIVE_COMPILATION_CONDITIONS = DEBUG;
				SWIFT_OPTIMIZATION_LEVEL = "-Onone";
			};
			name = Debug;
		};
		F18A1F34295732E300461933 /* Release */ = {
			isa = XCBuildConfiguration;
			buildSettings = {
				ALWAYS_SEARCH_USER_PATHS = NO;
				CLANG_ANALYZER_NONNULL = YES;
				CLANG_ANALYZER_NUMBER_OBJECT_CONVERSION = YES_AGGRESSIVE;
				CLANG_CXX_LANGUAGE_STANDARD = "gnu++20";
				CLANG_ENABLE_MODULES = YES;
				CLANG_ENABLE_OBJC_ARC = YES;
				CLANG_ENABLE_OBJC_WEAK = YES;
				CLANG_WARN_BLOCK_CAPTURE_AUTORELEASING = YES;
				CLANG_WARN_BOOL_CONVERSION = YES;
				CLANG_WARN_COMMA = YES;
				CLANG_WARN_CONSTANT_CONVERSION = YES;
				CLANG_WARN_DEPRECATED_OBJC_IMPLEMENTATIONS = YES;
				CLANG_WARN_DIRECT_OBJC_ISA_USAGE = YES_ERROR;
				CLANG_WARN_DOCUMENTATION_COMMENTS = YES;
				CLANG_WARN_EMPTY_BODY = YES;
				CLANG_WARN_ENUM_CONVERSION = YES;
				CLANG_WARN_INFINITE_RECURSION = YES;
				CLANG_WARN_INT_CONVERSION = YES;
				CLANG_WARN_NON_LITERAL_NULL_CONVERSION = YES;
				CLANG_WARN_OBJC_IMPLICIT_RETAIN_SELF = YES;
				CLANG_WARN_OBJC_LITERAL_CONVERSION = YES;
				CLANG_WARN_OBJC_ROOT_CLASS = YES_ERROR;
				CLANG_WARN_QUOTED_INCLUDE_IN_FRAMEWORK_HEADER = YES;
				CLANG_WARN_RANGE_LOOP_ANALYSIS = YES;
				CLANG_WARN_STRICT_PROTOTYPES = YES;
				CLANG_WARN_SUSPICIOUS_MOVE = YES;
				CLANG_WARN_UNGUARDED_AVAILABILITY = YES_AGGRESSIVE;
				CLANG_WARN_UNREACHABLE_CODE = YES;
				CLANG_WARN__DUPLICATE_METHOD_MATCH = YES;
				COPY_PHASE_STRIP = NO;
				DEBUG_INFORMATION_FORMAT = "dwarf-with-dsym";
				ENABLE_NS_ASSERTIONS = NO;
				ENABLE_STRICT_OBJC_MSGSEND = YES;
				GCC_C_LANGUAGE_STANDARD = gnu11;
				GCC_NO_COMMON_BLOCKS = YES;
				GCC_WARN_64_TO_32_BIT_CONVERSION = YES;
				GCC_WARN_ABOUT_RETURN_TYPE = YES_ERROR;
				GCC_WARN_UNDECLARED_SELECTOR = YES;
				GCC_WARN_UNINITIALIZED_AUTOS = YES_AGGRESSIVE;
				GCC_WARN_UNUSED_FUNCTION = YES;
				GCC_WARN_UNUSED_VARIABLE = YES;
				MTL_ENABLE_DEBUG_INFO = NO;
				MTL_FAST_MATH = YES;
				SWIFT_COMPILATION_MODE = wholemodule;
				SWIFT_OPTIMIZATION_LEVEL = "-O";
			};
			name = Release;
		};
		F18A1F36295732E300461933 /* Debug */ = {
			isa = XCBuildConfiguration;
			buildSettings = {
				ASSETCATALOG_COMPILER_APPICON_NAME = AppIcon;
				ASSETCATALOG_COMPILER_GLOBAL_ACCENT_COLOR_NAME = AccentColor;
				CODE_SIGN_ENTITLEMENTS = "ios-training/ios_training.entitlements";
				CODE_SIGN_STYLE = Automatic;
				CURRENT_PROJECT_VERSION = 1;
				DEVELOPMENT_ASSET_PATHS = "\"ios-training/Preview Content\"";
				DEVELOPMENT_TEAM = WP49TYRN2T;
				ENABLE_HARDENED_RUNTIME = YES;
				ENABLE_PREVIEWS = YES;
				GENERATE_INFOPLIST_FILE = YES;
				"INFOPLIST_KEY_UIApplicationSceneManifest_Generation[sdk=iphoneos*]" = YES;
				"INFOPLIST_KEY_UIApplicationSceneManifest_Generation[sdk=iphonesimulator*]" = YES;
				"INFOPLIST_KEY_UIApplicationSupportsIndirectInputEvents[sdk=iphoneos*]" = YES;
				"INFOPLIST_KEY_UIApplicationSupportsIndirectInputEvents[sdk=iphonesimulator*]" = YES;
				"INFOPLIST_KEY_UILaunchScreen_Generation[sdk=iphoneos*]" = YES;
				"INFOPLIST_KEY_UILaunchScreen_Generation[sdk=iphonesimulator*]" = YES;
				"INFOPLIST_KEY_UIStatusBarStyle[sdk=iphoneos*]" = UIStatusBarStyleDefault;
				"INFOPLIST_KEY_UIStatusBarStyle[sdk=iphonesimulator*]" = UIStatusBarStyleDefault;
				INFOPLIST_KEY_UISupportedInterfaceOrientations_iPad = "UIInterfaceOrientationPortrait UIInterfaceOrientationPortraitUpsideDown UIInterfaceOrientationLandscapeLeft UIInterfaceOrientationLandscapeRight";
				INFOPLIST_KEY_UISupportedInterfaceOrientations_iPhone = "UIInterfaceOrientationPortrait UIInterfaceOrientationLandscapeLeft UIInterfaceOrientationLandscapeRight";
				IPHONEOS_DEPLOYMENT_TARGET = 16.2;
				LD_RUNPATH_SEARCH_PATHS = "@executable_path/Frameworks";
				"LD_RUNPATH_SEARCH_PATHS[sdk=macosx*]" = "@executable_path/../Frameworks";
				MACOSX_DEPLOYMENT_TARGET = 13.0;
				MARKETING_VERSION = 1.0;
				PRODUCT_BUNDLE_IDENTIFIER = "com.shimizu-saffle.ios-training";
				PRODUCT_NAME = "$(TARGET_NAME)";
				SDKROOT = auto;
				SUPPORTED_PLATFORMS = "iphoneos iphonesimulator macosx";
				SWIFT_EMIT_LOC_STRINGS = YES;
				SWIFT_VERSION = 5.0;
				TARGETED_DEVICE_FAMILY = "1,2";
			};
			name = Debug;
		};
		F18A1F37295732E300461933 /* Release */ = {
			isa = XCBuildConfiguration;
			buildSettings = {
				ASSETCATALOG_COMPILER_APPICON_NAME = AppIcon;
				ASSETCATALOG_COMPILER_GLOBAL_ACCENT_COLOR_NAME = AccentColor;
				CODE_SIGN_ENTITLEMENTS = "ios-training/ios_training.entitlements";
				CODE_SIGN_STYLE = Automatic;
				CURRENT_PROJECT_VERSION = 1;
				DEVELOPMENT_ASSET_PATHS = "\"ios-training/Preview Content\"";
				DEVELOPMENT_TEAM = WP49TYRN2T;
				ENABLE_HARDENED_RUNTIME = YES;
				ENABLE_PREVIEWS = YES;
				GENERATE_INFOPLIST_FILE = YES;
				"INFOPLIST_KEY_UIApplicationSceneManifest_Generation[sdk=iphoneos*]" = YES;
				"INFOPLIST_KEY_UIApplicationSceneManifest_Generation[sdk=iphonesimulator*]" = YES;
				"INFOPLIST_KEY_UIApplicationSupportsIndirectInputEvents[sdk=iphoneos*]" = YES;
				"INFOPLIST_KEY_UIApplicationSupportsIndirectInputEvents[sdk=iphonesimulator*]" = YES;
				"INFOPLIST_KEY_UILaunchScreen_Generation[sdk=iphoneos*]" = YES;
				"INFOPLIST_KEY_UILaunchScreen_Generation[sdk=iphonesimulator*]" = YES;
				"INFOPLIST_KEY_UIStatusBarStyle[sdk=iphoneos*]" = UIStatusBarStyleDefault;
				"INFOPLIST_KEY_UIStatusBarStyle[sdk=iphonesimulator*]" = UIStatusBarStyleDefault;
				INFOPLIST_KEY_UISupportedInterfaceOrientations_iPad = "UIInterfaceOrientationPortrait UIInterfaceOrientationPortraitUpsideDown UIInterfaceOrientationLandscapeLeft UIInterfaceOrientationLandscapeRight";
				INFOPLIST_KEY_UISupportedInterfaceOrientations_iPhone = "UIInterfaceOrientationPortrait UIInterfaceOrientationLandscapeLeft UIInterfaceOrientationLandscapeRight";
				IPHONEOS_DEPLOYMENT_TARGET = 16.2;
				LD_RUNPATH_SEARCH_PATHS = "@executable_path/Frameworks";
				"LD_RUNPATH_SEARCH_PATHS[sdk=macosx*]" = "@executable_path/../Frameworks";
				MACOSX_DEPLOYMENT_TARGET = 13.0;
				MARKETING_VERSION = 1.0;
				PRODUCT_BUNDLE_IDENTIFIER = "com.shimizu-saffle.ios-training";
				PRODUCT_NAME = "$(TARGET_NAME)";
				SDKROOT = auto;
				SUPPORTED_PLATFORMS = "iphoneos iphonesimulator macosx";
				SWIFT_EMIT_LOC_STRINGS = YES;
				SWIFT_VERSION = 5.0;
				TARGETED_DEVICE_FAMILY = "1,2";
			};
			name = Release;
		};
		F18A1F39295732E300461933 /* Debug */ = {
			isa = XCBuildConfiguration;
			buildSettings = {
				ALWAYS_EMBED_SWIFT_STANDARD_LIBRARIES = YES;
				BUNDLE_LOADER = "$(TEST_HOST)";
				CODE_SIGN_STYLE = Automatic;
				CURRENT_PROJECT_VERSION = 1;
				DEVELOPMENT_TEAM = WP49TYRN2T;
				GENERATE_INFOPLIST_FILE = YES;
				IPHONEOS_DEPLOYMENT_TARGET = 16.2;
				MACOSX_DEPLOYMENT_TARGET = 13.0;
				MARKETING_VERSION = 1.0;
				PRODUCT_BUNDLE_IDENTIFIER = "com.shimizu-saffle.ios-trainingTests";
				PRODUCT_NAME = "$(TARGET_NAME)";
				SDKROOT = auto;
				SUPPORTED_PLATFORMS = "iphoneos iphonesimulator macosx";
				SWIFT_EMIT_LOC_STRINGS = NO;
				SWIFT_VERSION = 5.0;
				TARGETED_DEVICE_FAMILY = "1,2";
				TEST_HOST = "$(BUILT_PRODUCTS_DIR)/ios-training.app/$(BUNDLE_EXECUTABLE_FOLDER_PATH)/ios-training";
			};
			name = Debug;
		};
		F18A1F3A295732E300461933 /* Release */ = {
			isa = XCBuildConfiguration;
			buildSettings = {
				ALWAYS_EMBED_SWIFT_STANDARD_LIBRARIES = YES;
				BUNDLE_LOADER = "$(TEST_HOST)";
				CODE_SIGN_STYLE = Automatic;
				CURRENT_PROJECT_VERSION = 1;
				DEVELOPMENT_TEAM = WP49TYRN2T;
				GENERATE_INFOPLIST_FILE = YES;
				IPHONEOS_DEPLOYMENT_TARGET = 16.2;
				MACOSX_DEPLOYMENT_TARGET = 13.0;
				MARKETING_VERSION = 1.0;
				PRODUCT_BUNDLE_IDENTIFIER = "com.shimizu-saffle.ios-trainingTests";
				PRODUCT_NAME = "$(TARGET_NAME)";
				SDKROOT = auto;
				SUPPORTED_PLATFORMS = "iphoneos iphonesimulator macosx";
				SWIFT_EMIT_LOC_STRINGS = NO;
				SWIFT_VERSION = 5.0;
				TARGETED_DEVICE_FAMILY = "1,2";
				TEST_HOST = "$(BUILT_PRODUCTS_DIR)/ios-training.app/$(BUNDLE_EXECUTABLE_FOLDER_PATH)/ios-training";
			};
			name = Release;
		};
		F18A1F3C295732E300461933 /* Debug */ = {
			isa = XCBuildConfiguration;
			buildSettings = {
				ALWAYS_EMBED_SWIFT_STANDARD_LIBRARIES = YES;
				CODE_SIGN_STYLE = Automatic;
				CURRENT_PROJECT_VERSION = 1;
				DEVELOPMENT_TEAM = WP49TYRN2T;
				GENERATE_INFOPLIST_FILE = YES;
				IPHONEOS_DEPLOYMENT_TARGET = 16.2;
				MACOSX_DEPLOYMENT_TARGET = 13.0;
				MARKETING_VERSION = 1.0;
				PRODUCT_BUNDLE_IDENTIFIER = "com.shimizu-saffle.ios-trainingUITests";
				PRODUCT_NAME = "$(TARGET_NAME)";
				SDKROOT = auto;
				SUPPORTED_PLATFORMS = "iphoneos iphonesimulator macosx";
				SWIFT_EMIT_LOC_STRINGS = NO;
				SWIFT_VERSION = 5.0;
				TARGETED_DEVICE_FAMILY = "1,2";
				TEST_TARGET_NAME = "ios-training";
			};
			name = Debug;
		};
		F18A1F3D295732E300461933 /* Release */ = {
			isa = XCBuildConfiguration;
			buildSettings = {
				ALWAYS_EMBED_SWIFT_STANDARD_LIBRARIES = YES;
				CODE_SIGN_STYLE = Automatic;
				CURRENT_PROJECT_VERSION = 1;
				DEVELOPMENT_TEAM = WP49TYRN2T;
				GENERATE_INFOPLIST_FILE = YES;
				IPHONEOS_DEPLOYMENT_TARGET = 16.2;
				MACOSX_DEPLOYMENT_TARGET = 13.0;
				MARKETING_VERSION = 1.0;
				PRODUCT_BUNDLE_IDENTIFIER = "com.shimizu-saffle.ios-trainingUITests";
				PRODUCT_NAME = "$(TARGET_NAME)";
				SDKROOT = auto;
				SUPPORTED_PLATFORMS = "iphoneos iphonesimulator macosx";
				SWIFT_EMIT_LOC_STRINGS = NO;
				SWIFT_VERSION = 5.0;
				TARGETED_DEVICE_FAMILY = "1,2";
				TEST_TARGET_NAME = "ios-training";
			};
			name = Release;
		};
/* End XCBuildConfiguration section */

/* Begin XCConfigurationList section */
		F18A1F0B295732E200461933 /* Build configuration list for PBXProject "ios-training" */ = {
			isa = XCConfigurationList;
			buildConfigurations = (
				F18A1F33295732E300461933 /* Debug */,
				F18A1F34295732E300461933 /* Release */,
			);
			defaultConfigurationIsVisible = 0;
			defaultConfigurationName = Release;
		};
		F18A1F35295732E300461933 /* Build configuration list for PBXNativeTarget "ios-training" */ = {
			isa = XCConfigurationList;
			buildConfigurations = (
				F18A1F36295732E300461933 /* Debug */,
				F18A1F37295732E300461933 /* Release */,
			);
			defaultConfigurationIsVisible = 0;
			defaultConfigurationName = Release;
		};
		F18A1F38295732E300461933 /* Build configuration list for PBXNativeTarget "ios-trainingTests" */ = {
			isa = XCConfigurationList;
			buildConfigurations = (
				F18A1F39295732E300461933 /* Debug */,
				F18A1F3A295732E300461933 /* Release */,
			);
			defaultConfigurationIsVisible = 0;
			defaultConfigurationName = Release;
		};
		F18A1F3B295732E300461933 /* Build configuration list for PBXNativeTarget "ios-trainingUITests" */ = {
			isa = XCConfigurationList;
			buildConfigurations = (
				F18A1F3C295732E300461933 /* Debug */,
				F18A1F3D295732E300461933 /* Release */,
			);
			defaultConfigurationIsVisible = 0;
			defaultConfigurationName = Release;
		};
/* End XCConfigurationList section */

/* Begin XCRemoteSwiftPackageReference section */
		F18A1F3E2957341B00461933 /* XCRemoteSwiftPackageReference "ios-training" */ = {
			isa = XCRemoteSwiftPackageReference;
			repositoryURL = "https://github.com/yumemi-inc/ios-training.git";
			requirement = {
				branch = main;
				kind = branch;
			};
		};
/* End XCRemoteSwiftPackageReference section */

/* Begin XCSwiftPackageProductDependency section */
		F18A1F3F2957341B00461933 /* YumemiWeather */ = {
			isa = XCSwiftPackageProductDependency;
			package = F18A1F3E2957341B00461933 /* XCRemoteSwiftPackageReference "ios-training" */;
			productName = YumemiWeather;
		};
/* End XCSwiftPackageProductDependency section */
	};
	rootObject = F18A1F08295732E200461933 /* Project object */;
}
